
Microsoft Visual Studio Solution File, Format Version 12.00
# Visual Studio Version 16
VisualStudioVersion = 16.0.32126.315
MinimumVisualStudioVersion = 10.0.40219.1
Project("{9A19103F-16F7-4668-BE54-9A1E7A4F7556}") = "AMO-4", "AMO-4.csproj", "{ED41BD0E-4D7A-4740-852B-268876F2E09A}"
EndProject
Project("{9A19103F-16F7-4668-BE54-9A1E7A4F7556}") = "TestProject1", "..\TestProject1\TestProject1.csproj", "{B7B77A29-52B9-4BAD-8490-6D9E1D6F2E8A}"
EndProject
Global
	GlobalSection(SolutionConfigurationPlatforms) = preSolution
		Debug|Any CPU = Debug|Any CPU
		Release|Any CPU = Release|Any CPU
	EndGlobalSection
	GlobalSection(ProjectConfigurationPlatforms) = postSolution
		{ED41BD0E-4D7A-4740-852B-268876F2E09A}.Debug|Any CPU.ActiveCfg = Debug|Any CPU
		{ED41BD0E-4D7A-4740-852B-268876F2E09A}.Debug|Any CPU.Build.0 = Debug|Any CPU
		{ED41BD0E-4D7A-4740-852B-268876F2E09A}.Release|Any CPU.ActiveCfg = Release|Any CPU
		{ED41BD0E-4D7A-4740-852B-268876F2E09A}.Release|Any CPU.Build.0 = Release|Any CPU
		{B7B77A29-52B9-4BAD-8490-6D9E1D6F2E8A}.Debug|Any CPU.ActiveCfg = Debug|Any CPU
		{B7B77A29-52B9-4BAD-8490-6D9E1D6F2E8A}.Debug|Any CPU.Build.0 = Debug|Any CPU
		{B7B77A29-52B9-4BAD-8490-6D9E1D6F2E8A}.Release|Any CPU.ActiveCfg = Release|Any CPU
		{B7B77A29-52B9-4BAD-8490-6D9E1D6F2E8A}.Release|Any CPU.Build.0 = Release|Any CPU
	EndGlobalSection
	GlobalSection(SolutionProperties) = preSolution
		HideSolutionNode = FALSE
	EndGlobalSection
	GlobalSection(ExtensibilityGlobals) = postSolution
		SolutionGuid = {DB21821D-C061-44BC-B388-A9192D85783A}
	EndGlobalSection
EndGlobal
